
Microsoft Visual Studio Solution File, Format Version 12.00
# Visual Studio Version 17
VisualStudioVersion = 17.2.32616.157
MinimumVisualStudioVersion = 10.0.40219.1
Project("{FAE04EC0-301F-11D3-BF4B-00C04F79EFBC}") = "WebApplication4", "WebApplication4\WebApplication4.csproj", "{29D0A13D-168C-421F-8216-DAF77ED186FC}"
EndProject
Global
	GlobalSection(SolutionConfigurationPlatforms) = preSolution
		Debug|Any CPU = Debug|Any CPU
		Release|Any CPU = Release|Any CPU
	EndGlobalSection
	GlobalSection(ProjectConfigurationPlatforms) = postSolution
		{29D0A13D-168C-421F-8216-DAF77ED186FC}.Debug|Any CPU.ActiveCfg = Debug|Any CPU
		{29D0A13D-168C-421F-8216-DAF77ED186FC}.Debug|Any CPU.Build.0 = Debug|Any CPU
		{29D0A13D-168C-421F-8216-DAF77ED186FC}.Release|Any CPU.ActiveCfg = Release|Any CPU
		{29D0A13D-168C-421F-8216-DAF77ED186FC}.Release|Any CPU.Build.0 = Release|Any CPU
	EndGlobalSection
	GlobalSection(SolutionProperties) = preSolution
		HideSolutionNode = FALSE
	EndGlobalSection
	GlobalSection(ExtensibilityGlobals) = postSolution
		SolutionGuid = {6B89706D-FE52-4C0E-94C2-16B7861A595C}
	EndGlobalSection
EndGlobal
