
Microsoft Visual Studio Solution File, Format Version 12.00
# Visual Studio Version 17
VisualStudioVersion = 17.2.32616.157
MinimumVisualStudioVersion = 10.0.40219.1
Project("{FAE04EC0-301F-11D3-BF4B-00C04F79EFBC}") = "MVC1", "MVC1\MVC1.csproj", "{57F2A496-52F8-48FE-B163-CDA11D6C06E4}"
EndProject
Global
	GlobalSection(SolutionConfigurationPlatforms) = preSolution
		Debug|Any CPU = Debug|Any CPU
		Release|Any CPU = Release|Any CPU
	EndGlobalSection
	GlobalSection(ProjectConfigurationPlatforms) = postSolution
		{57F2A496-52F8-48FE-B163-CDA11D6C06E4}.Debug|Any CPU.ActiveCfg = Debug|Any CPU
		{57F2A496-52F8-48FE-B163-CDA11D6C06E4}.Debug|Any CPU.Build.0 = Debug|Any CPU
		{57F2A496-52F8-48FE-B163-CDA11D6C06E4}.Release|Any CPU.ActiveCfg = Release|Any CPU
		{57F2A496-52F8-48FE-B163-CDA11D6C06E4}.Release|Any CPU.Build.0 = Release|Any CPU
	EndGlobalSection
	GlobalSection(SolutionProperties) = preSolution
		HideSolutionNode = FALSE
	EndGlobalSection
	GlobalSection(ExtensibilityGlobals) = postSolution
		SolutionGuid = {2961E9A6-5311-4478-B461-90BC2AFF0A22}
	EndGlobalSection
EndGlobal
