
Microsoft Visual Studio Solution File, Format Version 12.00
# Visual Studio Version 17
VisualStudioVersion = 17.2.32616.157
MinimumVisualStudioVersion = 10.0.40219.1
Project("{FAE04EC0-301F-11D3-BF4B-00C04F79EFBC}") = "WebApplication5", "WebApplication5\WebApplication5.csproj", "{B3C372C0-A724-4384-A87C-2FBA8058E813}"
EndProject
Global
	GlobalSection(SolutionConfigurationPlatforms) = preSolution
		Debug|Any CPU = Debug|Any CPU
		Release|Any CPU = Release|Any CPU
	EndGlobalSection
	GlobalSection(ProjectConfigurationPlatforms) = postSolution
		{B3C372C0-A724-4384-A87C-2FBA8058E813}.Debug|Any CPU.ActiveCfg = Debug|Any CPU
		{B3C372C0-A724-4384-A87C-2FBA8058E813}.Debug|Any CPU.Build.0 = Debug|Any CPU
		{B3C372C0-A724-4384-A87C-2FBA8058E813}.Release|Any CPU.ActiveCfg = Release|Any CPU
		{B3C372C0-A724-4384-A87C-2FBA8058E813}.Release|Any CPU.Build.0 = Release|Any CPU
	EndGlobalSection
	GlobalSection(SolutionProperties) = preSolution
		HideSolutionNode = FALSE
	EndGlobalSection
	GlobalSection(ExtensibilityGlobals) = postSolution
		SolutionGuid = {B209BB38-07CE-48B8-B634-C4B26A74AAFF}
	EndGlobalSection
EndGlobal
