
Microsoft Visual Studio Solution File, Format Version 12.00
# Visual Studio Version 17
VisualStudioVersion = 17.2.32616.157
MinimumVisualStudioVersion = 10.0.40219.1
Project("{FAE04EC0-301F-11D3-BF4B-00C04F79EFBC}") = "MVC3", "MVC3\MVC3.csproj", "{C2B62A07-926A-42F0-A979-2107A87A316F}"
EndProject
Global
	GlobalSection(SolutionConfigurationPlatforms) = preSolution
		Debug|Any CPU = Debug|Any CPU
		Release|Any CPU = Release|Any CPU
	EndGlobalSection
	GlobalSection(ProjectConfigurationPlatforms) = postSolution
		{C2B62A07-926A-42F0-A979-2107A87A316F}.Debug|Any CPU.ActiveCfg = Debug|Any CPU
		{C2B62A07-926A-42F0-A979-2107A87A316F}.Debug|Any CPU.Build.0 = Debug|Any CPU
		{C2B62A07-926A-42F0-A979-2107A87A316F}.Release|Any CPU.ActiveCfg = Release|Any CPU
		{C2B62A07-926A-42F0-A979-2107A87A316F}.Release|Any CPU.Build.0 = Release|Any CPU
	EndGlobalSection
	GlobalSection(SolutionProperties) = preSolution
		HideSolutionNode = FALSE
	EndGlobalSection
	GlobalSection(ExtensibilityGlobals) = postSolution
		SolutionGuid = {F3CD1FEF-F42A-4BCA-A23A-003C757AB0A4}
	EndGlobalSection
EndGlobal
